
Microsoft Visual Studio Solution File, Format Version 11.00
# Visual Studio 2010
Project("{2150E333-8FDC-42A3-9474-1A3956D46DE8}") = "Solution Items", "Solution Items", "{AB06D8F3-8258-42B9-9B3A-A0F7F3A46A3A}"
	ProjectSection(SolutionItems) = preProject
		LocalTestRun.testrunconfig = LocalTestRun.testrunconfig
		SWFProcessing.vsmdi = SWFProcessing.vsmdi
	EndProjectSection
EndProject
Project("{FAE04EC0-301F-11D3-BF4B-00C04F79EFBC}") = "SWFModeller", "SWFModeller\SWFModeller.csproj", "{E584EF20-EB00-463C-8E57-2B3F5D3A5680}"
EndProject
Project("{FAE04EC0-301F-11D3-BF4B-00C04F79EFBC}") = "SWFModellerTest", "SWFModellerTest\SWFModellerTest.csproj", "{22C72150-B963-4C4A-A25F-7F68D157F29A}"
EndProject
Project("{FAE04EC0-301F-11D3-BF4B-00C04F79EFBC}") = "Swiffotron", "Swiffotron\Swiffotron.csproj", "{8D7370B4-6EE3-4753-A048-9EAA36F39D05}"
EndProject
Project("{FAE04EC0-301F-11D3-BF4B-00C04F79EFBC}") = "SwiffotronTest", "SwiffotronTest\SwiffotronTest.csproj", "{A8AC54EF-EBE9-4D30-BDF0-CE525ECFE42F}"
EndProject
Project("{FAE04EC0-301F-11D3-BF4B-00C04F79EFBC}") = "SwiffotronCLI", "SwiffotronCLI\SwiffotronCLI.csproj", "{E0DC849F-4328-4FC8-86B5-DA3BEF81C050}"
EndProject
Project("{54435603-DBB4-11D2-8724-00A0C9A8B90C}") = "SwiffotronSetup", "SwiffotronSetup\SwiffotronSetup.vdproj", "{7861BFD6-6F49-4002-92B8-ED9555025291}"
EndProject
Project("{FAE04EC0-301F-11D3-BF4B-00C04F79EFBC}") = "SWFDebugDump", "SWFDebugDump\SWFDebugDump.csproj", "{B155F4C4-4376-4049-849C-38880E98F39E}"
EndProject
Project("{FAE04EC0-301F-11D3-BF4B-00C04F79EFBC}") = "SwiffotronService", "SwiffotronService\SwiffotronService.csproj", "{77C251E0-6BD7-4E5B-9D18-F26EFD2EF3D7}"
EndProject
Project("{FAE04EC0-301F-11D3-BF4B-00C04F79EFBC}") = "SwiffotronServiceClientExample", "SwiffotronServiceClientExample\SwiffotronServiceClientExample.csproj", "{EB28EB76-0B2D-4567-ABAE-2EFC2CB8477D}"
EndProject
Project("{2150E333-8FDC-42A3-9474-1A3956D46DE8}") = "Testing", "Testing", "{00D8F5E9-C053-4E4A-8126-598CEA6512A9}"
EndProject
Project("{2150E333-8FDC-42A3-9474-1A3956D46DE8}") = "Service", "Service", "{921D0E59-A9ED-4308-8967-98E07BE40BE4}"
EndProject
Project("{2150E333-8FDC-42A3-9474-1A3956D46DE8}") = "Swiffotron Core", "Swiffotron Core", "{85299E6B-2BED-4AE3-A9B8-ABF3A284375D}"
EndProject
Project("{2150E333-8FDC-42A3-9474-1A3956D46DE8}") = "Tools", "Tools", "{A49E7C9B-6DD4-407E-ACF5-13B6F2695036}"
EndProject
Project("{FAE04EC0-301F-11D3-BF4B-00C04F79EFBC}") = "SWF2SVG", "SWF2SVG\SWF2SVG.csproj", "{846C8538-F996-447E-BC7E-0D5D5114BE48}"
EndProject
Project("{FAE04EC0-301F-11D3-BF4B-00C04F79EFBC}") = "SWF2Raster", "SWF2Raster\SWF2Raster.csproj", "{27FFF49F-5595-48B7-A91D-2B470B5C8FC4}"
EndProject
Project("{FAE04EC0-301F-11D3-BF4B-00C04F79EFBC}") = "SWF2SVGTest", "SWF2SVGTest\SWF2SVGTest.csproj", "{DD0CBBCE-8FFA-44CF-8467-F5420DF4D3F0}"
EndProject
Project("{FAE04EC0-301F-11D3-BF4B-00C04F79EFBC}") = "SWF2RasterTest", "SWF2RasterTest\SWF2RasterTest.csproj", "{C0AA5DDB-C176-4C81-9E77-C86CB5B99941}"
EndProject
Project("{FAE04EC0-301F-11D3-BF4B-00C04F79EFBC}") = "ModellingUtils", "ModellingUtils\ModellingUtils.csproj", "{7A5E996C-91E8-4B15-B82D-08F477F6C17F}"
EndProject
Project("{FAE04EC0-301F-11D3-BF4B-00C04F79EFBC}") = "SWF2HTML", "SWF2HTML\SWF2HTML.csproj", "{6D7C211F-EF89-408B-8580-91E19C87D3AA}"
EndProject
Project("{FAE04EC0-301F-11D3-BF4B-00C04F79EFBC}") = "SWF2HTMLTest", "SWF2HTMLTest\SWF2HTMLTest.csproj", "{F871992A-7DD8-4126-8BE4-283C739C1AA2}"
EndProject
Global
	GlobalSection(TestCaseManagementSettings) = postSolution
		CategoryFile = SWFProcessing.vsmdi
	EndGlobalSection
	GlobalSection(SolutionConfigurationPlatforms) = preSolution
		Debug|Any CPU = Debug|Any CPU
		Debug|Mixed Platforms = Debug|Mixed Platforms
		Debug|x86 = Debug|x86
		Release|Any CPU = Release|Any CPU
		Release|Mixed Platforms = Release|Mixed Platforms
		Release|x86 = Release|x86
	EndGlobalSection
	GlobalSection(ProjectConfigurationPlatforms) = postSolution
		{E584EF20-EB00-463C-8E57-2B3F5D3A5680}.Debug|Any CPU.ActiveCfg = Debug|Any CPU
		{E584EF20-EB00-463C-8E57-2B3F5D3A5680}.Debug|Any CPU.Build.0 = Debug|Any CPU
		{E584EF20-EB00-463C-8E57-2B3F5D3A5680}.Debug|Mixed Platforms.ActiveCfg = Debug|Any CPU
		{E584EF20-EB00-463C-8E57-2B3F5D3A5680}.Debug|Mixed Platforms.Build.0 = Debug|Any CPU
		{E584EF20-EB00-463C-8E57-2B3F5D3A5680}.Debug|x86.ActiveCfg = Debug|Any CPU
		{E584EF20-EB00-463C-8E57-2B3F5D3A5680}.Release|Any CPU.ActiveCfg = Release|Any CPU
		{E584EF20-EB00-463C-8E57-2B3F5D3A5680}.Release|Any CPU.Build.0 = Release|Any CPU
		{E584EF20-EB00-463C-8E57-2B3F5D3A5680}.Release|Mixed Platforms.ActiveCfg = Release|Any CPU
		{E584EF20-EB00-463C-8E57-2B3F5D3A5680}.Release|Mixed Platforms.Build.0 = Release|Any CPU
		{E584EF20-EB00-463C-8E57-2B3F5D3A5680}.Release|x86.ActiveCfg = Release|Any CPU
		{22C72150-B963-4C4A-A25F-7F68D157F29A}.Debug|Any CPU.ActiveCfg = Debug|Any CPU
		{22C72150-B963-4C4A-A25F-7F68D157F29A}.Debug|Any CPU.Build.0 = Debug|Any CPU
		{22C72150-B963-4C4A-A25F-7F68D157F29A}.Debug|Mixed Platforms.ActiveCfg = Debug|Any CPU
		{22C72150-B963-4C4A-A25F-7F68D157F29A}.Debug|Mixed Platforms.Build.0 = Debug|Any CPU
		{22C72150-B963-4C4A-A25F-7F68D157F29A}.Debug|x86.ActiveCfg = Debug|Any CPU
		{22C72150-B963-4C4A-A25F-7F68D157F29A}.Release|Any CPU.ActiveCfg = Release|Any CPU
		{22C72150-B963-4C4A-A25F-7F68D157F29A}.Release|Any CPU.Build.0 = Release|Any CPU
		{22C72150-B963-4C4A-A25F-7F68D157F29A}.Release|Mixed Platforms.ActiveCfg = Release|Any CPU
		{22C72150-B963-4C4A-A25F-7F68D157F29A}.Release|x86.ActiveCfg = Release|Any CPU
		{8D7370B4-6EE3-4753-A048-9EAA36F39D05}.Debug|Any CPU.ActiveCfg = Debug|Any CPU
		{8D7370B4-6EE3-4753-A048-9EAA36F39D05}.Debug|Any CPU.Build.0 = Debug|Any CPU
		{8D7370B4-6EE3-4753-A048-9EAA36F39D05}.Debug|Mixed Platforms.ActiveCfg = Debug|Any CPU
		{8D7370B4-6EE3-4753-A048-9EAA36F39D05}.Debug|Mixed Platforms.Build.0 = Debug|Any CPU
		{8D7370B4-6EE3-4753-A048-9EAA36F39D05}.Debug|x86.ActiveCfg = Debug|Any CPU
		{8D7370B4-6EE3-4753-A048-9EAA36F39D05}.Release|Any CPU.ActiveCfg = Release|Any CPU
		{8D7370B4-6EE3-4753-A048-9EAA36F39D05}.Release|Any CPU.Build.0 = Release|Any CPU
		{8D7370B4-6EE3-4753-A048-9EAA36F39D05}.Release|Mixed Platforms.ActiveCfg = Release|Any CPU
		{8D7370B4-6EE3-4753-A048-9EAA36F39D05}.Release|Mixed Platforms.Build.0 = Release|Any CPU
		{8D7370B4-6EE3-4753-A048-9EAA36F39D05}.Release|x86.ActiveCfg = Release|Any CPU
		{A8AC54EF-EBE9-4D30-BDF0-CE525ECFE42F}.Debug|Any CPU.ActiveCfg = Debug|Any CPU
		{A8AC54EF-EBE9-4D30-BDF0-CE525ECFE42F}.Debug|Any CPU.Build.0 = Debug|Any CPU
		{A8AC54EF-EBE9-4D30-BDF0-CE525ECFE42F}.Debug|Mixed Platforms.ActiveCfg = Debug|Any CPU
		{A8AC54EF-EBE9-4D30-BDF0-CE525ECFE42F}.Debug|Mixed Platforms.Build.0 = Debug|Any CPU
		{A8AC54EF-EBE9-4D30-BDF0-CE525ECFE42F}.Debug|x86.ActiveCfg = Debug|Any CPU
		{A8AC54EF-EBE9-4D30-BDF0-CE525ECFE42F}.Release|Any CPU.ActiveCfg = Release|Any CPU
		{A8AC54EF-EBE9-4D30-BDF0-CE525ECFE42F}.Release|Any CPU.Build.0 = Release|Any CPU
		{A8AC54EF-EBE9-4D30-BDF0-CE525ECFE42F}.Release|Mixed Platforms.ActiveCfg = Release|Any CPU
		{A8AC54EF-EBE9-4D30-BDF0-CE525ECFE42F}.Release|x86.ActiveCfg = Release|Any CPU
		{E0DC849F-4328-4FC8-86B5-DA3BEF81C050}.Debug|Any CPU.ActiveCfg = Debug|Any CPU
		{E0DC849F-4328-4FC8-86B5-DA3BEF81C050}.Debug|Any CPU.Build.0 = Debug|Any CPU
		{E0DC849F-4328-4FC8-86B5-DA3BEF81C050}.Debug|Mixed Platforms.ActiveCfg = Debug|Any CPU
		{E0DC849F-4328-4FC8-86B5-DA3BEF81C050}.Debug|Mixed Platforms.Build.0 = Debug|Any CPU
		{E0DC849F-4328-4FC8-86B5-DA3BEF81C050}.Debug|x86.ActiveCfg = Debug|Any CPU
		{E0DC849F-4328-4FC8-86B5-DA3BEF81C050}.Release|Any CPU.ActiveCfg = Release|Any CPU
		{E0DC849F-4328-4FC8-86B5-DA3BEF81C050}.Release|Any CPU.Build.0 = Release|Any CPU
		{E0DC849F-4328-4FC8-86B5-DA3BEF81C050}.Release|Mixed Platforms.ActiveCfg = Release|Any CPU
		{E0DC849F-4328-4FC8-86B5-DA3BEF81C050}.Release|Mixed Platforms.Build.0 = Release|Any CPU
		{E0DC849F-4328-4FC8-86B5-DA3BEF81C050}.Release|x86.ActiveCfg = Release|Any CPU
		{7861BFD6-6F49-4002-92B8-ED9555025291}.Debug|Any CPU.ActiveCfg = Debug
		{7861BFD6-6F49-4002-92B8-ED9555025291}.Debug|Mixed Platforms.ActiveCfg = Debug
		{7861BFD6-6F49-4002-92B8-ED9555025291}.Debug|Mixed Platforms.Build.0 = Debug
		{7861BFD6-6F49-4002-92B8-ED9555025291}.Debug|x86.ActiveCfg = Debug
		{7861BFD6-6F49-4002-92B8-ED9555025291}.Debug|x86.Build.0 = Debug
		{7861BFD6-6F49-4002-92B8-ED9555025291}.Release|Any CPU.ActiveCfg = Release
		{7861BFD6-6F49-4002-92B8-ED9555025291}.Release|Mixed Platforms.ActiveCfg = Release
		{7861BFD6-6F49-4002-92B8-ED9555025291}.Release|Mixed Platforms.Build.0 = Release
		{7861BFD6-6F49-4002-92B8-ED9555025291}.Release|x86.ActiveCfg = Release
		{7861BFD6-6F49-4002-92B8-ED9555025291}.Release|x86.Build.0 = Release
		{B155F4C4-4376-4049-849C-38880E98F39E}.Debug|Any CPU.ActiveCfg = Debug|x86
		{B155F4C4-4376-4049-849C-38880E98F39E}.Debug|Mixed Platforms.ActiveCfg = Debug|x86
		{B155F4C4-4376-4049-849C-38880E98F39E}.Debug|Mixed Platforms.Build.0 = Debug|x86
		{B155F4C4-4376-4049-849C-38880E98F39E}.Debug|x86.ActiveCfg = Debug|x86
		{B155F4C4-4376-4049-849C-38880E98F39E}.Debug|x86.Build.0 = Debug|x86
		{B155F4C4-4376-4049-849C-38880E98F39E}.Release|Any CPU.ActiveCfg = Release|x86
		{B155F4C4-4376-4049-849C-38880E98F39E}.Release|Mixed Platforms.ActiveCfg = Release|x86
		{B155F4C4-4376-4049-849C-38880E98F39E}.Release|x86.ActiveCfg = Release|x86
		{B155F4C4-4376-4049-849C-38880E98F39E}.Release|x86.Build.0 = Release|x86
		{77C251E0-6BD7-4E5B-9D18-F26EFD2EF3D7}.Debug|Any CPU.ActiveCfg = Debug|x86
		{77C251E0-6BD7-4E5B-9D18-F26EFD2EF3D7}.Debug|Mixed Platforms.ActiveCfg = Debug|x86
		{77C251E0-6BD7-4E5B-9D18-F26EFD2EF3D7}.Debug|Mixed Platforms.Build.0 = Debug|x86
		{77C251E0-6BD7-4E5B-9D18-F26EFD2EF3D7}.Debug|x86.ActiveCfg = Debug|x86
		{77C251E0-6BD7-4E5B-9D18-F26EFD2EF3D7}.Debug|x86.Build.0 = Debug|x86
		{77C251E0-6BD7-4E5B-9D18-F26EFD2EF3D7}.Release|Any CPU.ActiveCfg = Release|x86
		{77C251E0-6BD7-4E5B-9D18-F26EFD2EF3D7}.Release|Mixed Platforms.ActiveCfg = Release|x86
		{77C251E0-6BD7-4E5B-9D18-F26EFD2EF3D7}.Release|Mixed Platforms.Build.0 = Release|x86
		{77C251E0-6BD7-4E5B-9D18-F26EFD2EF3D7}.Release|x86.ActiveCfg = Release|x86
		{77C251E0-6BD7-4E5B-9D18-F26EFD2EF3D7}.Release|x86.Build.0 = Release|x86
		{EB28EB76-0B2D-4567-ABAE-2EFC2CB8477D}.Debug|Any CPU.ActiveCfg = Debug|x86
		{EB28EB76-0B2D-4567-ABAE-2EFC2CB8477D}.Debug|Mixed Platforms.ActiveCfg = Debug|x86
		{EB28EB76-0B2D-4567-ABAE-2EFC2CB8477D}.Debug|Mixed Platforms.Build.0 = Debug|x86
		{EB28EB76-0B2D-4567-ABAE-2EFC2CB8477D}.Debug|x86.ActiveCfg = Debug|x86
		{EB28EB76-0B2D-4567-ABAE-2EFC2CB8477D}.Debug|x86.Build.0 = Debug|x86
		{EB28EB76-0B2D-4567-ABAE-2EFC2CB8477D}.Release|Any CPU.ActiveCfg = Release|x86
		{EB28EB76-0B2D-4567-ABAE-2EFC2CB8477D}.Release|Mixed Platforms.ActiveCfg = Release|x86
		{EB28EB76-0B2D-4567-ABAE-2EFC2CB8477D}.Release|Mixed Platforms.Build.0 = Release|x86
		{EB28EB76-0B2D-4567-ABAE-2EFC2CB8477D}.Release|x86.ActiveCfg = Release|x86
		{EB28EB76-0B2D-4567-ABAE-2EFC2CB8477D}.Release|x86.Build.0 = Release|x86
		{846C8538-F996-447E-BC7E-0D5D5114BE48}.Debug|Any CPU.ActiveCfg = Debug|Any CPU
		{846C8538-F996-447E-BC7E-0D5D5114BE48}.Debug|Any CPU.Build.0 = Debug|Any CPU
		{846C8538-F996-447E-BC7E-0D5D5114BE48}.Debug|Mixed Platforms.ActiveCfg = Debug|Any CPU
		{846C8538-F996-447E-BC7E-0D5D5114BE48}.Debug|Mixed Platforms.Build.0 = Debug|Any CPU
		{846C8538-F996-447E-BC7E-0D5D5114BE48}.Debug|x86.ActiveCfg = Debug|Any CPU
		{846C8538-F996-447E-BC7E-0D5D5114BE48}.Release|Any CPU.ActiveCfg = Release|Any CPU
		{846C8538-F996-447E-BC7E-0D5D5114BE48}.Release|Any CPU.Build.0 = Release|Any CPU
		{846C8538-F996-447E-BC7E-0D5D5114BE48}.Release|Mixed Platforms.ActiveCfg = Release|Any CPU
		{846C8538-F996-447E-BC7E-0D5D5114BE48}.Release|Mixed Platforms.Build.0 = Release|Any CPU
		{846C8538-F996-447E-BC7E-0D5D5114BE48}.Release|x86.ActiveCfg = Release|Any CPU
		{27FFF49F-5595-48B7-A91D-2B470B5C8FC4}.Debug|Any CPU.ActiveCfg = Debug|Any CPU
		{27FFF49F-5595-48B7-A91D-2B470B5C8FC4}.Debug|Any CPU.Build.0 = Debug|Any CPU
		{27FFF49F-5595-48B7-A91D-2B470B5C8FC4}.Debug|Mixed Platforms.ActiveCfg = Debug|Any CPU
		{27FFF49F-5595-48B7-A91D-2B470B5C8FC4}.Debug|Mixed Platforms.Build.0 = Debug|Any CPU
		{27FFF49F-5595-48B7-A91D-2B470B5C8FC4}.Debug|x86.ActiveCfg = Debug|Any CPU
		{27FFF49F-5595-48B7-A91D-2B470B5C8FC4}.Release|Any CPU.ActiveCfg = Release|Any CPU
		{27FFF49F-5595-48B7-A91D-2B470B5C8FC4}.Release|Any CPU.Build.0 = Release|Any CPU
		{27FFF49F-5595-48B7-A91D-2B470B5C8FC4}.Release|Mixed Platforms.ActiveCfg = Release|Any CPU
		{27FFF49F-5595-48B7-A91D-2B470B5C8FC4}.Release|Mixed Platforms.Build.0 = Release|Any CPU
		{27FFF49F-5595-48B7-A91D-2B470B5C8FC4}.Release|x86.ActiveCfg = Release|Any CPU
		{DD0CBBCE-8FFA-44CF-8467-F5420DF4D3F0}.Debug|Any CPU.ActiveCfg = Debug|Any CPU
		{DD0CBBCE-8FFA-44CF-8467-F5420DF4D3F0}.Debug|Any CPU.Build.0 = Debug|Any CPU
		{DD0CBBCE-8FFA-44CF-8467-F5420DF4D3F0}.Debug|Mixed Platforms.ActiveCfg = Debug|Any CPU
		{DD0CBBCE-8FFA-44CF-8467-F5420DF4D3F0}.Debug|Mixed Platforms.Build.0 = Debug|Any CPU
		{DD0CBBCE-8FFA-44CF-8467-F5420DF4D3F0}.Debug|x86.ActiveCfg = Debug|Any CPU
		{DD0CBBCE-8FFA-44CF-8467-F5420DF4D3F0}.Release|Any CPU.ActiveCfg = Release|Any CPU
		{DD0CBBCE-8FFA-44CF-8467-F5420DF4D3F0}.Release|Any CPU.Build.0 = Release|Any CPU
		{DD0CBBCE-8FFA-44CF-8467-F5420DF4D3F0}.Release|Mixed Platforms.ActiveCfg = Release|Any CPU
		{DD0CBBCE-8FFA-44CF-8467-F5420DF4D3F0}.Release|Mixed Platforms.Build.0 = Release|Any CPU
		{DD0CBBCE-8FFA-44CF-8467-F5420DF4D3F0}.Release|x86.ActiveCfg = Release|Any CPU
		{C0AA5DDB-C176-4C81-9E77-C86CB5B99941}.Debug|Any CPU.ActiveCfg = Debug|Any CPU
		{C0AA5DDB-C176-4C81-9E77-C86CB5B99941}.Debug|Any CPU.Build.0 = Debug|Any CPU
		{C0AA5DDB-C176-4C81-9E77-C86CB5B99941}.Debug|Mixed Platforms.ActiveCfg = Debug|Any CPU
		{C0AA5DDB-C176-4C81-9E77-C86CB5B99941}.Debug|Mixed Platforms.Build.0 = Debug|Any CPU
		{C0AA5DDB-C176-4C81-9E77-C86CB5B99941}.Debug|x86.ActiveCfg = Debug|Any CPU
		{C0AA5DDB-C176-4C81-9E77-C86CB5B99941}.Release|Any CPU.ActiveCfg = Release|Any CPU
		{C0AA5DDB-C176-4C81-9E77-C86CB5B99941}.Release|Any CPU.Build.0 = Release|Any CPU
		{C0AA5DDB-C176-4C81-9E77-C86CB5B99941}.Release|Mixed Platforms.ActiveCfg = Release|Any CPU
		{C0AA5DDB-C176-4C81-9E77-C86CB5B99941}.Release|Mixed Platforms.Build.0 = Release|Any CPU
		{C0AA5DDB-C176-4C81-9E77-C86CB5B99941}.Release|x86.ActiveCfg = Release|Any CPU
		{7A5E996C-91E8-4B15-B82D-08F477F6C17F}.Debug|Any CPU.ActiveCfg = Debug|Any CPU
		{7A5E996C-91E8-4B15-B82D-08F477F6C17F}.Debug|Any CPU.Build.0 = Debug|Any CPU
		{7A5E996C-91E8-4B15-B82D-08F477F6C17F}.Debug|Mixed Platforms.ActiveCfg = Debug|Any CPU
		{7A5E996C-91E8-4B15-B82D-08F477F6C17F}.Debug|Mixed Platforms.Build.0 = Debug|Any CPU
		{7A5E996C-91E8-4B15-B82D-08F477F6C17F}.Debug|x86.ActiveCfg = Debug|Any CPU
		{7A5E996C-91E8-4B15-B82D-08F477F6C17F}.Release|Any CPU.ActiveCfg = Release|Any CPU
		{7A5E996C-91E8-4B15-B82D-08F477F6C17F}.Release|Any CPU.Build.0 = Release|Any CPU
		{7A5E996C-91E8-4B15-B82D-08F477F6C17F}.Release|Mixed Platforms.ActiveCfg = Release|Any CPU
		{7A5E996C-91E8-4B15-B82D-08F477F6C17F}.Release|Mixed Platforms.Build.0 = Release|Any CPU
		{7A5E996C-91E8-4B15-B82D-08F477F6C17F}.Release|x86.ActiveCfg = Release|Any CPU
		{6D7C211F-EF89-408B-8580-91E19C87D3AA}.Debug|Any CPU.ActiveCfg = Debug|Any CPU
		{6D7C211F-EF89-408B-8580-91E19C87D3AA}.Debug|Any CPU.Build.0 = Debug|Any CPU
		{6D7C211F-EF89-408B-8580-91E19C87D3AA}.Debug|Mixed Platforms.ActiveCfg = Debug|Any CPU
		{6D7C211F-EF89-408B-8580-91E19C87D3AA}.Debug|Mixed Platforms.Build.0 = Debug|Any CPU
		{6D7C211F-EF89-408B-8580-91E19C87D3AA}.Debug|x86.ActiveCfg = Debug|Any CPU
		{6D7C211F-EF89-408B-8580-91E19C87D3AA}.Release|Any CPU.ActiveCfg = Release|Any CPU
		{6D7C211F-EF89-408B-8580-91E19C87D3AA}.Release|Any CPU.Build.0 = Release|Any CPU
		{6D7C211F-EF89-408B-8580-91E19C87D3AA}.Release|Mixed Platforms.ActiveCfg = Release|Any CPU
		{6D7C211F-EF89-408B-8580-91E19C87D3AA}.Release|Mixed Platforms.Build.0 = Release|Any CPU
		{6D7C211F-EF89-408B-8580-91E19C87D3AA}.Release|x86.ActiveCfg = Release|Any CPU
		{F871992A-7DD8-4126-8BE4-283C739C1AA2}.Debug|Any CPU.ActiveCfg = Debug|Any CPU
		{F871992A-7DD8-4126-8BE4-283C739C1AA2}.Debug|Any CPU.Build.0 = Debug|Any CPU
		{F871992A-7DD8-4126-8BE4-283C739C1AA2}.Debug|Mixed Platforms.ActiveCfg = Debug|Any CPU
		{F871992A-7DD8-4126-8BE4-283C739C1AA2}.Debug|Mixed Platforms.Build.0 = Debug|Any CPU
		{F871992A-7DD8-4126-8BE4-283C739C1AA2}.Debug|x86.ActiveCfg = Debug|Any CPU
		{F871992A-7DD8-4126-8BE4-283C739C1AA2}.Release|Any CPU.ActiveCfg = Release|Any CPU
		{F871992A-7DD8-4126-8BE4-283C739C1AA2}.Release|Any CPU.Build.0 = Release|Any CPU
		{F871992A-7DD8-4126-8BE4-283C739C1AA2}.Release|Mixed Platforms.ActiveCfg = Release|Any CPU
		{F871992A-7DD8-4126-8BE4-283C739C1AA2}.Release|Mixed Platforms.Build.0 = Release|Any CPU
		{F871992A-7DD8-4126-8BE4-283C739C1AA2}.Release|x86.ActiveCfg = Release|Any CPU
	EndGlobalSection
	GlobalSection(SolutionProperties) = preSolution
		HideSolutionNode = FALSE
	EndGlobalSection
	GlobalSection(NestedProjects) = preSolution
		{8D7370B4-6EE3-4753-A048-9EAA36F39D05} = {85299E6B-2BED-4AE3-A9B8-ABF3A284375D}
		{E584EF20-EB00-463C-8E57-2B3F5D3A5680} = {85299E6B-2BED-4AE3-A9B8-ABF3A284375D}
		{846C8538-F996-447E-BC7E-0D5D5114BE48} = {85299E6B-2BED-4AE3-A9B8-ABF3A284375D}
		{27FFF49F-5595-48B7-A91D-2B470B5C8FC4} = {85299E6B-2BED-4AE3-A9B8-ABF3A284375D}
		{7A5E996C-91E8-4B15-B82D-08F477F6C17F} = {85299E6B-2BED-4AE3-A9B8-ABF3A284375D}
		{6D7C211F-EF89-408B-8580-91E19C87D3AA} = {85299E6B-2BED-4AE3-A9B8-ABF3A284375D}
		{A8AC54EF-EBE9-4D30-BDF0-CE525ECFE42F} = {00D8F5E9-C053-4E4A-8126-598CEA6512A9}
		{22C72150-B963-4C4A-A25F-7F68D157F29A} = {00D8F5E9-C053-4E4A-8126-598CEA6512A9}
		{DD0CBBCE-8FFA-44CF-8467-F5420DF4D3F0} = {00D8F5E9-C053-4E4A-8126-598CEA6512A9}
		{C0AA5DDB-C176-4C81-9E77-C86CB5B99941} = {00D8F5E9-C053-4E4A-8126-598CEA6512A9}
		{F871992A-7DD8-4126-8BE4-283C739C1AA2} = {00D8F5E9-C053-4E4A-8126-598CEA6512A9}
		{B155F4C4-4376-4049-849C-38880E98F39E} = {A49E7C9B-6DD4-407E-ACF5-13B6F2695036}
		{E0DC849F-4328-4FC8-86B5-DA3BEF81C050} = {A49E7C9B-6DD4-407E-ACF5-13B6F2695036}
		{EB28EB76-0B2D-4567-ABAE-2EFC2CB8477D} = {921D0E59-A9ED-4308-8967-98E07BE40BE4}
		{77C251E0-6BD7-4E5B-9D18-F26EFD2EF3D7} = {921D0E59-A9ED-4308-8967-98E07BE40BE4}
	EndGlobalSection
EndGlobal
